
Microsoft Visual Studio Solution File, Format Version 12.00
# Visual Studio Version 17
VisualStudioVersion = 17.7.34031.279
MinimumVisualStudioVersion = 10.0.40219.1
Project("{9A19103F-16F7-4668-BE54-9A1E7A4F7556}") = "SalesEconomy.FrontEnd", "SalesEconomy.FrontEnd\SalesEconomy.FrontEnd.csproj", "{06A649AF-6EC3-4013-9BCA-753056CCBBAE}"
EndProject
Project("{9A19103F-16F7-4668-BE54-9A1E7A4F7556}") = "SalesEconomy.BackEnd", "SalesEconomy.BackEnd\SalesEconomy.BackEnd.csproj", "{2E58DB79-20F0-406C-880C-ACF1C90F12EA}"
EndProject
Project("{9A19103F-16F7-4668-BE54-9A1E7A4F7556}") = "SalesEconomy.Shared", "SalesEconomy.Shared\SalesEconomy.Shared.csproj", "{8F633DCA-062C-4E0C-BB66-23D7C49FE1C5}"
EndProject
Project("{9A19103F-16F7-4668-BE54-9A1E7A4F7556}") = "SalesEconomy.UnitTest", "SalesEconomy.UnitTest\SalesEconomy.UnitTest.csproj", "{7E50FFD9-13B0-4F76-B7A4-2D44527F675E}"
EndProject
Global
	GlobalSection(SolutionConfigurationPlatforms) = preSolution
		Debug|Any CPU = Debug|Any CPU
		Release|Any CPU = Release|Any CPU
	EndGlobalSection
	GlobalSection(ProjectConfigurationPlatforms) = postSolution
		{06A649AF-6EC3-4013-9BCA-753056CCBBAE}.Debug|Any CPU.ActiveCfg = Debug|Any CPU
		{06A649AF-6EC3-4013-9BCA-753056CCBBAE}.Debug|Any CPU.Build.0 = Debug|Any CPU
		{06A649AF-6EC3-4013-9BCA-753056CCBBAE}.Release|Any CPU.ActiveCfg = Release|Any CPU
		{06A649AF-6EC3-4013-9BCA-753056CCBBAE}.Release|Any CPU.Build.0 = Release|Any CPU
		{2E58DB79-20F0-406C-880C-ACF1C90F12EA}.Debug|Any CPU.ActiveCfg = Debug|Any CPU
		{2E58DB79-20F0-406C-880C-ACF1C90F12EA}.Debug|Any CPU.Build.0 = Debug|Any CPU
		{2E58DB79-20F0-406C-880C-ACF1C90F12EA}.Release|Any CPU.ActiveCfg = Release|Any CPU
		{2E58DB79-20F0-406C-880C-ACF1C90F12EA}.Release|Any CPU.Build.0 = Release|Any CPU
		{8F633DCA-062C-4E0C-BB66-23D7C49FE1C5}.Debug|Any CPU.ActiveCfg = Debug|Any CPU
		{8F633DCA-062C-4E0C-BB66-23D7C49FE1C5}.Debug|Any CPU.Build.0 = Debug|Any CPU
		{8F633DCA-062C-4E0C-BB66-23D7C49FE1C5}.Release|Any CPU.ActiveCfg = Release|Any CPU
		{8F633DCA-062C-4E0C-BB66-23D7C49FE1C5}.Release|Any CPU.Build.0 = Release|Any CPU
		{7E50FFD9-13B0-4F76-B7A4-2D44527F675E}.Debug|Any CPU.ActiveCfg = Debug|Any CPU
		{7E50FFD9-13B0-4F76-B7A4-2D44527F675E}.Debug|Any CPU.Build.0 = Debug|Any CPU
		{7E50FFD9-13B0-4F76-B7A4-2D44527F675E}.Release|Any CPU.ActiveCfg = Release|Any CPU
		{7E50FFD9-13B0-4F76-B7A4-2D44527F675E}.Release|Any CPU.Build.0 = Release|Any CPU
	EndGlobalSection
	GlobalSection(SolutionProperties) = preSolution
		HideSolutionNode = FALSE
	EndGlobalSection
	GlobalSection(ExtensibilityGlobals) = postSolution
		SolutionGuid = {F604D647-79A5-4820-BAA6-C1F77EA0DCBD}
	EndGlobalSection
EndGlobal
